{
  "name": "@nact/core",
  "version": "1.0.0",
  "lockfileVersion": 2,
  "requires": true,
  "packages": {
    "": {
      "version": "1.0.0",
      "license": "ISC",
      "dependencies": {
        "denque": "^1.5.0",
        "macrotask": "^3.0.0"
      },
      "devDependencies": {
        "@types/macrotask": "^3.0.0",
        "typescript": "^4.1.5"
      }
    },
    "node_modules/@types/macrotask": {
      "version": "3.0.0",
      "resolved": "https://registry.npmjs.org/@types/macrotask/-/macrotask-3.0.0.tgz",
      "integrity": "sha512-wAGdZjCMdwC6slHJoCFKZHV9BGt1Px7TiGf2LkzHUwqfNGWic1xXlvYCHXitoplh+gDF0ELwYFeS57sqvBNeOg==",
      "dev": true
    },
    "node_modules/denque": {
      "version": "1.5.0",
      "resolved": "https://registry.npmjs.org/denque/-/denque-1.5.0.tgz",
      "integrity": "sha512-CYiCSgIF1p6EUByQPlGkKnP1M9g0ZV3qMIrqMqZqdwazygIA/YP2vrbcyl1h/WppKJTdl1F85cXIle+394iDAQ==",
      "engines": {
        "node": ">=0.10"
      }
    },
    "node_modules/macrotask": {
      "version": "3.0.0",
      "resolved": "https://registry.npmjs.org/macrotask/-/macrotask-3.0.0.tgz",
      "integrity": "sha1-RQmj1bFOLMWiSPgCU/v7RYBKBJA="
    },
    "node_modules/typescript": {
      "version": "4.1.5",
      "resolved": "https://registry.npmjs.org/typescript/-/typescript-4.1.5.tgz",
      "integrity": "sha512-6OSu9PTIzmn9TCDiovULTnET6BgXtDYL4Gg4szY+cGsc3JP1dQL8qvE8kShTRx1NIw4Q9IBHlwODjkjWEtMUyA==",
      "dev": true,
      "bin": {
        "tsc": "bin/tsc",
        "tsserver": "bin/tsserver"
      },
      "engines": {
        "node": ">=4.2.0"
      }
    }
  },
  "dependencies": {
    "@types/macrotask": {
      "version": "3.0.0",
      "resolved": "https://registry.npmjs.org/@types/macrotask/-/macrotask-3.0.0.tgz",
      "integrity": "sha512-wAGdZjCMdwC6slHJoCFKZHV9BGt1Px7TiGf2LkzHUwqfNGWic1xXlvYCHXitoplh+gDF0ELwYFeS57sqvBNeOg==",
      "dev": true
    },
    "denque": {
      "version": "1.5.0",
      "resolved": "https://registry.npmjs.org/denque/-/denque-1.5.0.tgz",
      "integrity": "sha512-CYiCSgIF1p6EUByQPlGkKnP1M9g0ZV3qMIrqMqZqdwazygIA/YP2vrbcyl1h/WppKJTdl1F85cXIle+394iDAQ=="
    },
    "macrotask": {
      "version": "3.0.0",
      "resolved": "https://registry.npmjs.org/macrotask/-/macrotask-3.0.0.tgz",
      "integrity": "sha1-RQmj1bFOLMWiSPgCU/v7RYBKBJA="
    },
    "typescript": {
      "version": "4.1.5",
      "resolved": "https://registry.npmjs.org/typescript/-/typescript-4.1.5.tgz",
      "integrity": "sha512-6OSu9PTIzmn9TCDiovULTnET6BgXtDYL4Gg4szY+cGsc3JP1dQL8qvE8kShTRx1NIw4Q9IBHlwODjkjWEtMUyA==",
      "dev": true
    }
  }
}
